
Microsoft Visual Studio Solution File, Format Version 12.00
# Visual Studio Version 17
VisualStudioVersion = 17.7.34018.315
MinimumVisualStudioVersion = 10.0.40219.1
Project("{FAE04EC0-301F-11D3-BF4B-00C04F79EFBC}") = "Assignment4WebApp", "Assignment4WebApp.csproj", "{84D96DC6-C0F5-4185-B7AC-582D06F4FA66}"
EndProject
Global
	GlobalSection(SolutionConfigurationPlatforms) = preSolution
		Debug|Any CPU = Debug|Any CPU
		Release|Any CPU = Release|Any CPU
	EndGlobalSection
	GlobalSection(ProjectConfigurationPlatforms) = postSolution
		{84D96DC6-C0F5-4185-B7AC-582D06F4FA66}.Debug|Any CPU.ActiveCfg = Debug|Any CPU
		{84D96DC6-C0F5-4185-B7AC-582D06F4FA66}.Debug|Any CPU.Build.0 = Debug|Any CPU
		{84D96DC6-C0F5-4185-B7AC-582D06F4FA66}.Release|Any CPU.ActiveCfg = Release|Any CPU
		{84D96DC6-C0F5-4185-B7AC-582D06F4FA66}.Release|Any CPU.Build.0 = Release|Any CPU
	EndGlobalSection
	GlobalSection(SolutionProperties) = preSolution
		HideSolutionNode = FALSE
	EndGlobalSection
	GlobalSection(ExtensibilityGlobals) = postSolution
		SolutionGuid = {9ACB1795-7ECB-4180-8600-44951F25F917}
	EndGlobalSection
EndGlobal
