
Microsoft Visual Studio Solution File, Format Version 12.00
# Visual Studio Version 17
VisualStudioVersion = 17.7.34018.315
MinimumVisualStudioVersion = 10.0.40219.1
Project("{FAE04EC0-301F-11D3-BF4B-00C04F79EFBC}") = "Assignment4Web", "Assignment4Web.csproj", "{2A7F1C69-9678-42C7-BE88-FA130DEFD6F8}"
EndProject
Global
	GlobalSection(SolutionConfigurationPlatforms) = preSolution
		Debug|Any CPU = Debug|Any CPU
		Release|Any CPU = Release|Any CPU
	EndGlobalSection
	GlobalSection(ProjectConfigurationPlatforms) = postSolution
		{2A7F1C69-9678-42C7-BE88-FA130DEFD6F8}.Debug|Any CPU.ActiveCfg = Debug|Any CPU
		{2A7F1C69-9678-42C7-BE88-FA130DEFD6F8}.Debug|Any CPU.Build.0 = Debug|Any CPU
		{2A7F1C69-9678-42C7-BE88-FA130DEFD6F8}.Release|Any CPU.ActiveCfg = Release|Any CPU
		{2A7F1C69-9678-42C7-BE88-FA130DEFD6F8}.Release|Any CPU.Build.0 = Release|Any CPU
	EndGlobalSection
	GlobalSection(SolutionProperties) = preSolution
		HideSolutionNode = FALSE
	EndGlobalSection
	GlobalSection(ExtensibilityGlobals) = postSolution
		SolutionGuid = {3DF26805-F1F1-4BBA-9577-9E589860C1BE}
	EndGlobalSection
EndGlobal
